// !$*UTF8*$!
{
	archiveVersion = 1;
	classes = {
	};
	objectVersion = 46;
	objects = {

/* Begin PBXBuildFile section */
		3F131BBF1EB0CFF80015071A /* CameraUpload.swift in Sources */ = {isa = PBXBuildFile; fileRef = 3F131BBE1EB0CFF80015071A /* CameraUpload.swift */; };
		3F155F8F1E9D033400A6B555 /* AppDelegate.swift in Sources */ = {isa = PBXBuildFile; fileRef = 3F155F8E1E9D033400A6B555 /* AppDelegate.swift */; };
		3F155F911E9D033400A6B555 /* ViewController.swift in Sources */ = {isa = PBXBuildFile; fileRef = 3F155F901E9D033400A6B555 /* ViewController.swift */; };
		3F155F941E9D033400A6B555 /* Main.storyboard in Resources */ = {isa = PBXBuildFile; fileRef = 3F155F921E9D033400A6B555 /* Main.storyboard */; };
		3F155F971E9D033400A6B555 /* Collaborative_Reading_App_3.xcdatamodeld in Sources */ = {isa = PBXBuildFile; fileRef = 3F155F951E9D033400A6B555 /* Collaborative_Reading_App_3.xcdatamodeld */; };
		3F155F991E9D033400A6B555 /* Assets.xcassets in Resources */ = {isa = PBXBuildFile; fileRef = 3F155F981E9D033400A6B555 /* Assets.xcassets */; };
		3F155F9C1E9D033400A6B555 /* LaunchScreen.storyboard in Resources */ = {isa = PBXBuildFile; fileRef = 3F155F9A1E9D033400A6B555 /* LaunchScreen.storyboard */; };
		3F155FA41E9D04E800A6B555 /* FirstRunTutorial.storyboard in Resources */ = {isa = PBXBuildFile; fileRef = 3F155FA31E9D04E800A6B555 /* FirstRunTutorial.storyboard */; };
		3F15A6E01EC09E5E005158A9 /* Home.storyboard in Resources */ = {isa = PBXBuildFile; fileRef = 3F15A6DF1EC09E5E005158A9 /* Home.storyboard */; };
		3F6AA9191EC1EF0C00300C5A /* Tic Tac Toe.storyboard in Resources */ = {isa = PBXBuildFile; fileRef = 3F6AA9181EC1EF0C00300C5A /* Tic Tac Toe.storyboard */; };
		3F6AA91B1EC1F11500300C5A /* TicTacToeVC.swift in Sources */ = {isa = PBXBuildFile; fileRef = 3F6AA91A1EC1F11500300C5A /* TicTacToeVC.swift */; };
		3FA4A0601EB0D166003184D9 /* AvatarSelectionViewController.swift in Sources */ = {isa = PBXBuildFile; fileRef = 3FA4A05F1EB0D166003184D9 /* AvatarSelectionViewController.swift */; };
		3FB2AF031E9FAB4B00B4BC0C /* Myriad Pro Regular.ttf in Resources */ = {isa = PBXBuildFile; fileRef = 3FB2AF021E9FAB4B00B4BC0C /* Myriad Pro Regular.ttf */; };
		3FD340611EA2D1DE00688BD3 /* AddingBookViewController.swift in Sources */ = {isa = PBXBuildFile; fileRef = 3FD340601EA2D1DE00688BD3 /* AddingBookViewController.swift */; };
		3FD340631EA3C8EB00688BD3 /* ReadToStartReadingViewController.swift in Sources */ = {isa = PBXBuildFile; fileRef = 3FD340621EA3C8EB00688BD3 /* ReadToStartReadingViewController.swift */; };
		3FD340651EA7904100688BD3 /* NameInput.swift in Sources */ = {isa = PBXBuildFile; fileRef = 3FD340641EA7904100688BD3 /* NameInput.swift */; };
		B0E797611ECD2D1100DFC99C /* Timer.storyboard in Resources */ = {isa = PBXBuildFile; fileRef = B0E797601ECD2D1100DFC99C /* Timer.storyboard */; };
		B0E797641ECD2D7100DFC99C /* ProgressBar.swift in Sources */ = {isa = PBXBuildFile; fileRef = B0E797631ECD2D7100DFC99C /* ProgressBar.swift */; };
		B0E797661ECD2D9C00DFC99C /* CountdownTimer.swift in Sources */ = {isa = PBXBuildFile; fileRef = B0E797651ECD2D9C00DFC99C /* CountdownTimer.swift */; };
		B0E797681ECD2E0400DFC99C /* CustomColors.swift in Sources */ = {isa = PBXBuildFile; fileRef = B0E797671ECD2E0400DFC99C /* CustomColors.swift */; };
		B0E8E5DA1EBE770C006871DC /* ProfileCameraUpload.storyboard in Resources */ = {isa = PBXBuildFile; fileRef = B0E8E5D91EBE770C006871DC /* ProfileCameraUpload.storyboard */; };
		B0E8E5DC1EBE774D006871DC /* ProfileCameraVC.swift in Sources */ = {isa = PBXBuildFile; fileRef = B0E8E5DB1EBE774D006871DC /* ProfileCameraVC.swift */; };
		B0EF40931EC495D800F61ABD /* AddBooksVC.swift in Sources */ = {isa = PBXBuildFile; fileRef = B0EF40921EC495D800F61ABD /* AddBooksVC.swift */; };
		B0EF40951EC4967600F61ABD /* BookTableViewCell.swift in Sources */ = {isa = PBXBuildFile; fileRef = B0EF40941EC4967600F61ABD /* BookTableViewCell.swift */; };
/* End PBXBuildFile section */

/* Begin PBXFileReference section */
		3F131BBE1EB0CFF80015071A /* CameraUpload.swift */ = {isa = PBXFileReference; fileEncoding = 4; lastKnownFileType = sourcecode.swift; path = CameraUpload.swift; sourceTree = "<group>"; };
		3F155F8B1E9D033400A6B555 /* Collaborative_Reading_App_3.app */ = {isa = PBXFileReference; explicitFileType = wrapper.application; includeInIndex = 0; path = Collaborative_Reading_App_3.app; sourceTree = BUILT_PRODUCTS_DIR; };
		3F155F8E1E9D033400A6B555 /* AppDelegate.swift */ = {isa = PBXFileReference; lastKnownFileType = sourcecode.swift; path = AppDelegate.swift; sourceTree = "<group>"; };
		3F155F901E9D033400A6B555 /* ViewController.swift */ = {isa = PBXFileReference; lastKnownFileType = sourcecode.swift; name = ViewController.swift; path = Collaborative_Reading_App_3/ViewController.swift; sourceTree = "<group>"; };
		3F155F931E9D033400A6B555 /* Base */ = {isa = PBXFileReference; lastKnownFileType = file.storyboard; name = Base; path = Base.lproj/Main.storyboard; sourceTree = "<group>"; };
		3F155F961E9D033400A6B555 /* Collaborative_Reading_App_3.xcdatamodel */ = {isa = PBXFileReference; lastKnownFileType = wrapper.xcdatamodel; path = Collaborative_Reading_App_3.xcdatamodel; sourceTree = "<group>"; };
		3F155F981E9D033400A6B555 /* Assets.xcassets */ = {isa = PBXFileReference; lastKnownFileType = folder.assetcatalog; path = Assets.xcassets; sourceTree = "<group>"; };
		3F155F9B1E9D033400A6B555 /* Base */ = {isa = PBXFileReference; lastKnownFileType = file.storyboard; name = Base; path = Base.lproj/LaunchScreen.storyboard; sourceTree = "<group>"; };
		3F155F9D1E9D033400A6B555 /* Info.plist */ = {isa = PBXFileReference; lastKnownFileType = text.plist.xml; path = Info.plist; sourceTree = "<group>"; };
		3F155FA31E9D04E800A6B555 /* FirstRunTutorial.storyboard */ = {isa = PBXFileReference; fileEncoding = 4; lastKnownFileType = file.storyboard; path = FirstRunTutorial.storyboard; sourceTree = "<group>"; };
		3F15A6DF1EC09E5E005158A9 /* Home.storyboard */ = {isa = PBXFileReference; fileEncoding = 4; lastKnownFileType = file.storyboard; path = Home.storyboard; sourceTree = "<group>"; };
		3F6AA9181EC1EF0C00300C5A /* Tic Tac Toe.storyboard */ = {isa = PBXFileReference; fileEncoding = 4; lastKnownFileType = file.storyboard; path = "Tic Tac Toe.storyboard"; sourceTree = "<group>"; };
		3F6AA91A1EC1F11500300C5A /* TicTacToeVC.swift */ = {isa = PBXFileReference; fileEncoding = 4; lastKnownFileType = sourcecode.swift; path = TicTacToeVC.swift; sourceTree = "<group>"; };
		3FA4A05F1EB0D166003184D9 /* AvatarSelectionViewController.swift */ = {isa = PBXFileReference; fileEncoding = 4; lastKnownFileType = sourcecode.swift; path = AvatarSelectionViewController.swift; sourceTree = "<group>"; };
		3FB2AF021E9FAB4B00B4BC0C /* Myriad Pro Regular.ttf */ = {isa = PBXFileReference; lastKnownFileType = file; path = "Myriad Pro Regular.ttf"; sourceTree = "<group>"; };
		3FD340601EA2D1DE00688BD3 /* AddingBookViewController.swift */ = {isa = PBXFileReference; fileEncoding = 4; lastKnownFileType = sourcecode.swift; path = AddingBookViewController.swift; sourceTree = "<group>"; };
		3FD340621EA3C8EB00688BD3 /* ReadToStartReadingViewController.swift */ = {isa = PBXFileReference; fileEncoding = 4; lastKnownFileType = sourcecode.swift; path = ReadToStartReadingViewController.swift; sourceTree = "<group>"; };
		3FD340641EA7904100688BD3 /* NameInput.swift */ = {isa = PBXFileReference; fileEncoding = 4; lastKnownFileType = sourcecode.swift; name = NameInput.swift; path = ../NameInput.swift; sourceTree = "<group>"; };
		B0E797601ECD2D1100DFC99C /* Timer.storyboard */ = {isa = PBXFileReference; fileEncoding = 4; lastKnownFileType = file.storyboard; path = Timer.storyboard; sourceTree = "<group>"; };
		B0E797631ECD2D7100DFC99C /* ProgressBar.swift */ = {isa = PBXFileReference; fileEncoding = 4; lastKnownFileType = sourcecode.swift; path = ProgressBar.swift; sourceTree = "<group>"; };
		B0E797651ECD2D9C00DFC99C /* CountdownTimer.swift */ = {isa = PBXFileReference; fileEncoding = 4; lastKnownFileType = sourcecode.swift; path = CountdownTimer.swift; sourceTree = "<group>"; };
		B0E797671ECD2E0400DFC99C /* CustomColors.swift */ = {isa = PBXFileReference; fileEncoding = 4; lastKnownFileType = sourcecode.swift; path = CustomColors.swift; sourceTree = "<group>"; };
		B0E8E5D91EBE770C006871DC /* ProfileCameraUpload.storyboard */ = {isa = PBXFileReference; fileEncoding = 4; lastKnownFileType = file.storyboard; path = ProfileCameraUpload.storyboard; sourceTree = "<group>"; };
		B0E8E5DB1EBE774D006871DC /* ProfileCameraVC.swift */ = {isa = PBXFileReference; fileEncoding = 4; lastKnownFileType = sourcecode.swift; path = ProfileCameraVC.swift; sourceTree = "<group>"; };
		B0EF40921EC495D800F61ABD /* AddBooksVC.swift */ = {isa = PBXFileReference; fileEncoding = 4; lastKnownFileType = sourcecode.swift; name = AddBooksVC.swift; path = ../AddBooksVC.swift; sourceTree = "<group>"; };
		B0EF40941EC4967600F61ABD /* BookTableViewCell.swift */ = {isa = PBXFileReference; fileEncoding = 4; lastKnownFileType = sourcecode.swift; name = BookTableViewCell.swift; path = ../BookTableViewCell.swift; sourceTree = "<group>"; };
/* End PBXFileReference section */

/* Begin PBXFrameworksBuildPhase section */
		3F155F881E9D033300A6B555 /* Frameworks */ = {
			isa = PBXFrameworksBuildPhase;
			buildActionMask = 2147483647;
			files = (
			);
			runOnlyForDeploymentPostprocessing = 0;
		};
/* End PBXFrameworksBuildPhase section */

/* Begin PBXGroup section */
		3F155F821E9D033300A6B555 = {
			isa = PBXGroup;
			children = (
				3F155F8D1E9D033400A6B555 /* Collaborative_Reading_App_3 */,
				3F155F8C1E9D033400A6B555 /* Products */,
			);
			sourceTree = "<group>";
		};
		3F155F8C1E9D033400A6B555 /* Products */ = {
			isa = PBXGroup;
			children = (
				3F155F8B1E9D033400A6B555 /* Collaborative_Reading_App_3.app */,
			);
			name = Products;
			sourceTree = "<group>";
		};
		3F155F8D1E9D033400A6B555 /* Collaborative_Reading_App_3 */ = {
			isa = PBXGroup;
			children = (
				3F6AA91C1EC1F58600300C5A /* Games */,
				3F15A6E11EC09E69005158A9 /* ProfileCameraUpload */,
				B0E797621ECD2D4D00DFC99C /* Timer */,
				3FD340641EA7904100688BD3 /* NameInput.swift */,
				3FB2AF021E9FAB4B00B4BC0C /* Myriad Pro Regular.ttf */,
				3F155F8E1E9D033400A6B555 /* AppDelegate.swift */,
				3F131BBE1EB0CFF80015071A /* CameraUpload.swift */,
				3F155F921E9D033400A6B555 /* Main.storyboard */,
				3F155FA31E9D04E800A6B555 /* FirstRunTutorial.storyboard */,
				3F155F981E9D033400A6B555 /* Assets.xcassets */,
				3F155F9A1E9D033400A6B555 /* LaunchScreen.storyboard */,
				3F155F9D1E9D033400A6B555 /* Info.plist */,
				3F155F951E9D033400A6B555 /* Collaborative_Reading_App_3.xcdatamodeld */,
				3FD340601EA2D1DE00688BD3 /* AddingBookViewController.swift */,
				3FD340621EA3C8EB00688BD3 /* ReadToStartReadingViewController.swift */,
				B0EF40921EC495D800F61ABD /* AddBooksVC.swift */,
				B0EF40941EC4967600F61ABD /* BookTableViewCell.swift */,
				3F15A6DF1EC09E5E005158A9 /* Home.storyboard */,
			);
			path = Collaborative_Reading_App_3;
			sourceTree = "<group>";
		};
		3F15A6E11EC09E69005158A9 /* ProfileCameraUpload */ = {
			isa = PBXGroup;
			children = (
				B0E8E5D91EBE770C006871DC /* ProfileCameraUpload.storyboard */,
				B0E8E5DB1EBE774D006871DC /* ProfileCameraVC.swift */,
			);
			name = ProfileCameraUpload;
			sourceTree = "<group>";
		};
		3F6AA91C1EC1F58600300C5A /* Games */ = {
			isa = PBXGroup;
			children = (
				3F6AA91D1EC1F58E00300C5A /* Tic Tac Toe */,
			);
			name = Games;
			sourceTree = "<group>";
		};
		3F6AA91D1EC1F58E00300C5A /* Tic Tac Toe */ = {
			isa = PBXGroup;
			children = (
				3F6AA9181EC1EF0C00300C5A /* Tic Tac Toe.storyboard */,
				3F6AA91A1EC1F11500300C5A /* TicTacToeVC.swift */,
			);
			name = "Tic Tac Toe";
			sourceTree = "<group>";
		};
		B0E797621ECD2D4D00DFC99C /* Timer */ = {
			isa = PBXGroup;
			children = (
				B0E797601ECD2D1100DFC99C /* Timer.storyboard */,
				B0E797631ECD2D7100DFC99C /* ProgressBar.swift */,
				B0E797651ECD2D9C00DFC99C /* CountdownTimer.swift */,
				3F155F901E9D033400A6B555 /* ViewController.swift */,
				B0E797671ECD2E0400DFC99C /* CustomColors.swift */,
			);
			name = Timer;
			path = ..;
			sourceTree = "<group>";
		};
/* End PBXGroup section */

/* Begin PBXNativeTarget section */
		3F155F8A1E9D033300A6B555 /* Collaborative_Reading_App_3 */ = {
			isa = PBXNativeTarget;
			buildConfigurationList = 3F155FA01E9D033400A6B555 /* Build configuration list for PBXNativeTarget "Collaborative_Reading_App_3" */;
			buildPhases = (
				3F155F871E9D033300A6B555 /* Sources */,
				3F155F881E9D033300A6B555 /* Frameworks */,
				3F155F891E9D033300A6B555 /* Resources */,
			);
			buildRules = (
			);
			dependencies = (
			);
			name = Collaborative_Reading_App_3;
			productName = Collaborative_Reading_App_3;
			productReference = 3F155F8B1E9D033400A6B555 /* Collaborative_Reading_App_3.app */;
			productType = "com.apple.product-type.application";
		};
/* End PBXNativeTarget section */

/* Begin PBXProject section */
		3F155F831E9D033300A6B555 /* Project object */ = {
			isa = PBXProject;
			attributes = {
				LastSwiftUpdateCheck = 0820;
				LastUpgradeCheck = 0820;
				ORGANIZATIONNAME = Student;
				TargetAttributes = {
					3F155F8A1E9D033300A6B555 = {
						CreatedOnToolsVersion = 8.2.1;
						DevelopmentTeam = BEW9E8B5DC;
						ProvisioningStyle = Automatic;
					};
				};
			};
			buildConfigurationList = 3F155F861E9D033300A6B555 /* Build configuration list for PBXProject "Collaborative_Reading_App_3" */;
			compatibilityVersion = "Xcode 3.2";
			developmentRegion = English;
			hasScannedForEncodings = 0;
			knownRegions = (
				en,
				Base,
			);
			mainGroup = 3F155F821E9D033300A6B555;
			productRefGroup = 3F155F8C1E9D033400A6B555 /* Products */;
			projectDirPath = "";
			projectRoot = "";
			targets = (
				3F155F8A1E9D033300A6B555 /* Collaborative_Reading_App_3 */,
			);
		};
/* End PBXProject section */

/* Begin PBXResourcesBuildPhase section */
		3F155F891E9D033300A6B555 /* Resources */ = {
			isa = PBXResourcesBuildPhase;
			buildActionMask = 2147483647;
			files = (
				3F155F9C1E9D033400A6B555 /* LaunchScreen.storyboard in Resources */,
				3F155F991E9D033400A6B555 /* Assets.xcassets in Resources */,
				3FB2AF031E9FAB4B00B4BC0C /* Myriad Pro Regular.ttf in Resources */,
				3F155F941E9D033400A6B555 /* Main.storyboard in Resources */,
				B0E797611ECD2D1100DFC99C /* Timer.storyboard in Resources */,
				3F6AA9191EC1EF0C00300C5A /* Tic Tac Toe.storyboard in Resources */,
				3F155FA41E9D04E800A6B555 /* FirstRunTutorial.storyboard in Resources */,
				B0E8E5DA1EBE770C006871DC /* ProfileCameraUpload.storyboard in Resources */,
				3F15A6E01EC09E5E005158A9 /* Home.storyboard in Resources */,
			);
			runOnlyForDeploymentPostprocessing = 0;
		};
/* End PBXResourcesBuildPhase section */

/* Begin PBXSourcesBuildPhase section */
		3F155F871E9D033300A6B555 /* Sources */ = {
			isa = PBXSourcesBuildPhase;
			buildActionMask = 2147483647;
			files = (
				3FD340631EA3C8EB00688BD3 /* ReadToStartReadingViewController.swift in Sources */,
				B0E797681ECD2E0400DFC99C /* CustomColors.swift in Sources */,
				3FA4A0601EB0D166003184D9 /* AvatarSelectionViewController.swift in Sources */,
				3F155F911E9D033400A6B555 /* ViewController.swift in Sources */,
				B0E797661ECD2D9C00DFC99C /* CountdownTimer.swift in Sources */,
				B0EF40931EC495D800F61ABD /* AddBooksVC.swift in Sources */,
				B0EF40951EC4967600F61ABD /* BookTableViewCell.swift in Sources */,
				3F131BBF1EB0CFF80015071A /* CameraUpload.swift in Sources */,
				3F155F8F1E9D033400A6B555 /* AppDelegate.swift in Sources */,
				3FD340651EA7904100688BD3 /* NameInput.swift in Sources */,
				3FD340611EA2D1DE00688BD3 /* AddingBookViewController.swift in Sources */,
				B0E8E5DC1EBE774D006871DC /* ProfileCameraVC.swift in Sources */,
				B0E797641ECD2D7100DFC99C /* ProgressBar.swift in Sources */,
				3F155F971E9D033400A6B555 /* Collaborative_Reading_App_3.xcdatamodeld in Sources */,
				3F6AA91B1EC1F11500300C5A /* TicTacToeVC.swift in Sources */,
			);
			runOnlyForDeploymentPostprocessing = 0;
		};
/* End PBXSourcesBuildPhase section */

/* Begin PBXVariantGroup section */
		3F155F921E9D033400A6B555 /* Main.storyboard */ = {
			isa = PBXVariantGroup;
			children = (
				3F155F931E9D033400A6B555 /* Base */,
			);
			name = Main.storyboard;
			sourceTree = "<group>";
		};
		3F155F9A1E9D033400A6B555 /* LaunchScreen.storyboard */ = {
			isa = PBXVariantGroup;
			children = (
				3F155F9B1E9D033400A6B555 /* Base */,
			);
			name = LaunchScreen.storyboard;
			sourceTree = "<group>";
		};
/* End PBXVariantGroup section */

/* Begin XCBuildConfiguration section */
		3F155F9E1E9D033400A6B555 /* Debug */ = {
			isa = XCBuildConfiguration;
			buildSettings = {
				ALWAYS_SEARCH_USER_PATHS = NO;
				CLANG_ANALYZER_NONNULL = YES;
				CLANG_CXX_LANGUAGE_STANDARD = "gnu++0x";
				CLANG_CXX_LIBRARY = "libc++";
				CLANG_ENABLE_MODULES = YES;
				CLANG_ENABLE_OBJC_ARC = YES;
				CLANG_WARN_BOOL_CONVERSION = YES;
				CLANG_WARN_CONSTANT_CONVERSION = YES;
				CLANG_WARN_DIRECT_OBJC_ISA_USAGE = YES_ERROR;
				CLANG_WARN_DOCUMENTATION_COMMENTS = YES;
				CLANG_WARN_EMPTY_BODY = YES;
				CLANG_WARN_ENUM_CONVERSION = YES;
				CLANG_WARN_INFINITE_RECURSION = YES;
				CLANG_WARN_INT_CONVERSION = YES;
				CLANG_WARN_OBJC_ROOT_CLASS = YES_ERROR;
				CLANG_WARN_SUSPICIOUS_MOVE = YES;
				CLANG_WARN_UNREACHABLE_CODE = YES;
				CLANG_WARN__DUPLICATE_METHOD_MATCH = YES;
				"CODE_SIGN_IDENTITY[sdk=iphoneos*]" = "iPhone Developer";
				COPY_PHASE_STRIP = NO;
				DEBUG_INFORMATION_FORMAT = dwarf;
				ENABLE_STRICT_OBJC_MSGSEND = YES;
				ENABLE_TESTABILITY = YES;
				GCC_C_LANGUAGE_STANDARD = gnu99;
				GCC_DYNAMIC_NO_PIC = NO;
				GCC_NO_COMMON_BLOCKS = YES;
				GCC_OPTIMIZATION_LEVEL = 0;
				GCC_PREPROCESSOR_DEFINITIONS = (
					"DEBUG=1",
					"$(inherited)",
				);
				GCC_WARN_64_TO_32_BIT_CONVERSION = YES;
				GCC_WARN_ABOUT_RETURN_TYPE = YES_ERROR;
				GCC_WARN_UNDECLARED_SELECTOR = YES;
				GCC_WARN_UNINITIALIZED_AUTOS = YES_AGGRESSIVE;
				GCC_WARN_UNUSED_FUNCTION = YES;
				GCC_WARN_UNUSED_VARIABLE = YES;
				IPHONEOS_DEPLOYMENT_TARGET = 10.2;
				MTL_ENABLE_DEBUG_INFO = YES;
				ONLY_ACTIVE_ARCH = YES;
				SDKROOT = iphoneos;
				SWIFT_ACTIVE_COMPILATION_CONDITIONS = DEBUG;
				SWIFT_OPTIMIZATION_LEVEL = "-Onone";
				TARGETED_DEVICE_FAMILY = "1,2";
			};
			name = Debug;
		};
		3F155F9F1E9D033400A6B555 /* Release */ = {
			isa = XCBuildConfiguration;
			buildSettings = {
				ALWAYS_SEARCH_USER_PATHS = NO;
				CLANG_ANALYZER_NONNULL = YES;
				CLANG_CXX_LANGUAGE_STANDARD = "gnu++0x";
				CLANG_CXX_LIBRARY = "libc++";
				CLANG_ENABLE_MODULES = YES;
				CLANG_ENABLE_OBJC_ARC = YES;
				CLANG_WARN_BOOL_CONVERSION = YES;
				CLANG_WARN_CONSTANT_CONVERSION = YES;
				CLANG_WARN_DIRECT_OBJC_ISA_USAGE = YES_ERROR;
				CLANG_WARN_DOCUMENTATION_COMMENTS = YES;
				CLANG_WARN_EMPTY_BODY = YES;
				CLANG_WARN_ENUM_CONVERSION = YES;
				CLANG_WARN_INFINITE_RECURSION = YES;
				CLANG_WARN_INT_CONVERSION = YES;
				CLANG_WARN_OBJC_ROOT_CLASS = YES_ERROR;
				CLANG_WARN_SUSPICIOUS_MOVE = YES;
				CLANG_WARN_UNREACHABLE_CODE = YES;
				CLANG_WARN__DUPLICATE_METHOD_MATCH = YES;
				"CODE_SIGN_IDENTITY[sdk=iphoneos*]" = "iPhone Developer";
				COPY_PHASE_STRIP = NO;
				DEBUG_INFORMATION_FORMAT = "dwarf-with-dsym";
				ENABLE_NS_ASSERTIONS = NO;
				ENABLE_STRICT_OBJC_MSGSEND = YES;
				GCC_C_LANGUAGE_STANDARD = gnu99;
				GCC_NO_COMMON_BLOCKS = YES;
				GCC_WARN_64_TO_32_BIT_CONVERSION = YES;
				GCC_WARN_ABOUT_RETURN_TYPE = YES_ERROR;
				GCC_WARN_UNDECLARED_SELECTOR = YES;
				GCC_WARN_UNINITIALIZED_AUTOS = YES_AGGRESSIVE;
				GCC_WARN_UNUSED_FUNCTION = YES;
				GCC_WARN_UNUSED_VARIABLE = YES;
				IPHONEOS_DEPLOYMENT_TARGET = 10.2;
				MTL_ENABLE_DEBUG_INFO = NO;
				SDKROOT = iphoneos;
				SWIFT_OPTIMIZATION_LEVEL = "-Owholemodule";
				TARGETED_DEVICE_FAMILY = "1,2";
				VALIDATE_PRODUCT = YES;
			};
			name = Release;
		};
		3F155FA11E9D033400A6B555 /* Debug */ = {
			isa = XCBuildConfiguration;
			buildSettings = {
				ASSETCATALOG_COMPILER_APPICON_NAME = AppIcon;
				DEVELOPMENT_TEAM = BEW9E8B5DC;
				INFOPLIST_FILE = Collaborative_Reading_App_3/Info.plist;
				LD_RUNPATH_SEARCH_PATHS = "$(inherited) @executable_path/Frameworks";
				PRODUCT_BUNDLE_IDENTIFIER = "Saif.Collaborative-Reading-App-3";
				PRODUCT_NAME = "$(TARGET_NAME)";
				SWIFT_VERSION = 3.0;
			};
			name = Debug;
		};
		3F155FA21E9D033400A6B555 /* Release */ = {
			isa = XCBuildConfiguration;
			buildSettings = {
				ASSETCATALOG_COMPILER_APPICON_NAME = AppIcon;
				DEVELOPMENT_TEAM = BEW9E8B5DC;
				INFOPLIST_FILE = Collaborative_Reading_App_3/Info.plist;
				LD_RUNPATH_SEARCH_PATHS = "$(inherited) @executable_path/Frameworks";
				PRODUCT_BUNDLE_IDENTIFIER = "Saif.Collaborative-Reading-App-3";
				PRODUCT_NAME = "$(TARGET_NAME)";
				SWIFT_VERSION = 3.0;
			};
			name = Release;
		};
/* End XCBuildConfiguration section */

/* Begin XCConfigurationList section */
		3F155F861E9D033300A6B555 /* Build configuration list for PBXProject "Collaborative_Reading_App_3" */ = {
			isa = XCConfigurationList;
			buildConfigurations = (
				3F155F9E1E9D033400A6B555 /* Debug */,
				3F155F9F1E9D033400A6B555 /* Release */,
			);
			defaultConfigurationIsVisible = 0;
			defaultConfigurationName = Release;
		};
		3F155FA01E9D033400A6B555 /* Build configuration list for PBXNativeTarget "Collaborative_Reading_App_3" */ = {
			isa = XCConfigurationList;
			buildConfigurations = (
				3F155FA11E9D033400A6B555 /* Debug */,
				3F155FA21E9D033400A6B555 /* Release */,
			);
			defaultConfigurationIsVisible = 0;
			defaultConfigurationName = Release;
		};
/* End XCConfigurationList section */

/* Begin XCVersionGroup section */
		3F155F951E9D033400A6B555 /* Collaborative_Reading_App_3.xcdatamodeld */ = {
			isa = XCVersionGroup;
			children = (
				3F155F961E9D033400A6B555 /* Collaborative_Reading_App_3.xcdatamodel */,
			);
			currentVersion = 3F155F961E9D033400A6B555 /* Collaborative_Reading_App_3.xcdatamodel */;
			path = Collaborative_Reading_App_3.xcdatamodeld;
			sourceTree = "<group>";
			versionGroupType = wrapper.xcdatamodel;
		};
/* End XCVersionGroup section */
	};
	rootObject = 3F155F831E9D033300A6B555 /* Project object */;
}
